
Microsoft Visual Studio Solution File, Format Version 12.00
# Visual Studio Version 16
VisualStudioVersion = 16.0.30804.86
MinimumVisualStudioVersion = 10.0.40219.1
Project("{FAE04EC0-301F-11D3-BF4B-00C04F79EFBC}") = "SensorDataGen", "SensorDataGen\SensorDataGen.csproj", "{11B7B39C-A5C3-4BF5-9E7D-5C6F0AEA9BF9}"
EndProject
Global
	GlobalSection(SolutionConfigurationPlatforms) = preSolution
		Debug|Any CPU = Debug|Any CPU
		Release|Any CPU = Release|Any CPU
	EndGlobalSection
	GlobalSection(ProjectConfigurationPlatforms) = postSolution
		{11B7B39C-A5C3-4BF5-9E7D-5C6F0AEA9BF9}.Debug|Any CPU.ActiveCfg = Debug|Any CPU
		{11B7B39C-A5C3-4BF5-9E7D-5C6F0AEA9BF9}.Debug|Any CPU.Build.0 = Debug|Any CPU
		{11B7B39C-A5C3-4BF5-9E7D-5C6F0AEA9BF9}.Release|Any CPU.ActiveCfg = Release|Any CPU
		{11B7B39C-A5C3-4BF5-9E7D-5C6F0AEA9BF9}.Release|Any CPU.Build.0 = Release|Any CPU
	EndGlobalSection
	GlobalSection(SolutionProperties) = preSolution
		HideSolutionNode = FALSE
	EndGlobalSection
	GlobalSection(ExtensibilityGlobals) = postSolution
		SolutionGuid = {2B2909F4-B679-44EF-A9BD-B39E9AF58130}
	EndGlobalSection
EndGlobal
